
Microsoft Visual Studio Solution File, Format Version 12.00
# Visual Studio Version 17
VisualStudioVersion = 17.5.002.0
MinimumVisualStudioVersion = 10.0.40219.1
Project("{9A19103F-16F7-4668-BE54-9A1E7A4F7556}") = "cs-data-structures-course", "cs-data-structures-course.csproj", "{F6ACC660-2B56-4C2C-88D6-0580E5108229}"
EndProject
Global
	GlobalSection(SolutionConfigurationPlatforms) = preSolution
		Debug|Any CPU = Debug|Any CPU
		Release|Any CPU = Release|Any CPU
	EndGlobalSection
	GlobalSection(ProjectConfigurationPlatforms) = postSolution
		{F6ACC660-2B56-4C2C-88D6-0580E5108229}.Debug|Any CPU.ActiveCfg = Debug|Any CPU
		{F6ACC660-2B56-4C2C-88D6-0580E5108229}.Debug|Any CPU.Build.0 = Debug|Any CPU
		{F6ACC660-2B56-4C2C-88D6-0580E5108229}.Release|Any CPU.ActiveCfg = Release|Any CPU
		{F6ACC660-2B56-4C2C-88D6-0580E5108229}.Release|Any CPU.Build.0 = Release|Any CPU
	EndGlobalSection
	GlobalSection(SolutionProperties) = preSolution
		HideSolutionNode = FALSE
	EndGlobalSection
	GlobalSection(ExtensibilityGlobals) = postSolution
		SolutionGuid = {E774F586-97D1-4094-98ED-2790864B8E4D}
	EndGlobalSection
EndGlobal
